<?xml version="1.0" encoding="utf-8"?>
<Project ToolsVersion="4.0" xmlns="http://schemas.microsoft.com/developer/msbuild/2003">
  <ItemGroup>
    <Filter Include="源文件">
      <UniqueIdentifier>{4FC737F1-C7A5-4376-A066-2A32D752A2FF}</UniqueIdentifier>
      <Extensions>cpp;c;cc;cxx;c++;cppm;ixx;def;odl;idl;hpj;bat;asm;asmx</Extensions>
    </Filter>
    <Filter Include="头文件">
      <UniqueIdentifier>{93995380-89BD-4b04-88EB-625FBE52EBFB}</UniqueIdentifier>
      <Extensions>h;hh;hpp;hxx;h++;hm;inl;inc;ipp;xsd</Extensions>
    </Filter>
    <Filter Include="资源文件">
      <UniqueIdentifier>{67DA6AB6-F800-4c08-8B7A-83BB121AAD01}</UniqueIdentifier>
      <Extensions>rc;ico;cur;bmp;dlg;rc2;rct;bin;rgs;gif;jpg;jpeg;jpe;resx;tiff;tif;png;wav;mfcribbon-ms</Extensions>
    </Filter>
  </ItemGroup>
  <ItemGroup>
    <ClInclude Include="src\camera\camera.h">
      <Filter>头文件</Filter>
    </ClInclude>
    <ClInclude Include="src\color\color.h">
      <Filter>头文件</Filter>
    </ClInclude>
    <ClInclude Include="src\hittable\hittable.h">
      <Filter>头文件</Filter>
    </ClInclude>
    <ClInclude Include="src\hittable_list\hittable_list.h">
      <Filter>头文件</Filter>
    </ClInclude>
    <ClInclude Include="src\material\material.h">
      <Filter>头文件</Filter>
    </ClInclude>
    <ClInclude Include="src\ray\ray.h">
      <Filter>头文件</Filter>
    </ClInclude>
    <ClInclude Include="src\rtweekend\rtweekend.h">
      <Filter>头文件</Filter>
    </ClInclude>
    <ClInclude Include="src\sphere\sphere.h">
      <Filter>头文件</Filter>
    </ClInclude>
    <ClInclude Include="src\vec3\vec3.h">
      <Filter>头文件</Filter>
    </ClInclude>
    <ClInclude Include="src\moving_sphere\moving_sphere.h">
      <Filter>头文件</Filter>
    </ClInclude>
    <ClInclude Include="src\aabb\aabb.h">
      <Filter>头文件</Filter>
    </ClInclude>
    <ClInclude Include="src\bvh\bvh.h">
      <Filter>头文件</Filter>
    </ClInclude>
    <ClInclude Include="src\texture\texture.h">
      <Filter>头文件</Filter>
    </ClInclude>
    <ClInclude Include="src\perlin\perlin.h">
      <Filter>头文件</Filter>
    </ClInclude>
  </ItemGroup>
  <ItemGroup>
    <ClCompile Include="src\hittable_list\hittable_list.cpp">
      <Filter>源文件</Filter>
    </ClCompile>
    <ClCompile Include="src\camera\camera.cpp">
      <Filter>源文件</Filter>
    </ClCompile>
    <ClCompile Include="src\color\color.cpp">
      <Filter>源文件</Filter>
    </ClCompile>
    <ClCompile Include="src\hittable\hittable.cpp">
      <Filter>源文件</Filter>
    </ClCompile>
    <ClCompile Include="src\material\material.cpp">
      <Filter>源文件</Filter>
    </ClCompile>
    <ClCompile Include="src\ray\ray.cpp">
      <Filter>源文件</Filter>
    </ClCompile>
    <ClCompile Include="src\rtweekend\rtweekend.cpp">
      <Filter>源文件</Filter>
    </ClCompile>
    <ClCompile Include="src\sphere\sphere.cpp">
      <Filter>源文件</Filter>
    </ClCompile>
    <ClCompile Include="src\vec3\vec3.cpp">
      <Filter>源文件</Filter>
    </ClCompile>
    <ClCompile Include="src\main.cpp">
      <Filter>源文件</Filter>
    </ClCompile>
    <ClCompile Include="src\moving_sphere\moving_sphere.cpp">
      <Filter>源文件</Filter>
    </ClCompile>
    <ClCompile Include="src\aabb\aabb.cpp">
      <Filter>源文件</Filter>
    </ClCompile>
    <ClCompile Include="src\bvh\bvh.cpp">
      <Filter>源文件</Filter>
    </ClCompile>
    <ClCompile Include="src\texture\texture.cpp">
      <Filter>源文件</Filter>
    </ClCompile>
    <ClCompile Include="src\perlin\perlin.cpp">
      <Filter>源文件</Filter>
    </ClCompile>
  </ItemGroup>
</Project>